
Microsoft Visual Studio Solution File, Format Version 12.00
# Visual Studio Version 16
VisualStudioVersion = 16.0.31313.79
MinimumVisualStudioVersion = 10.0.40219.1
Project("{9A19103F-16F7-4668-BE54-9A1E7A4F7556}") = "FIAP.Microservice.Gabriel.Api", "FIAP.Microservice.Gabriel.Api\FIAP.Microservice.Gabriel.Api.csproj", "{1A8E7177-2E68-40D9-B387-75FBFEA325FC}"
EndProject
Project("{FAE04EC0-301F-11D3-BF4B-00C04F79EFBC}") = "FIAP.Microservice.Gabriel.Contract", "FIAP.Microservice.Gabriel.Contract\FIAP.Microservice.Gabriel.Contract.csproj", "{294FFFF3-0148-4DD2-8F32-367A2187A55A}"
EndProject
Global
	GlobalSection(SolutionConfigurationPlatforms) = preSolution
		Debug|Any CPU = Debug|Any CPU
		Release|Any CPU = Release|Any CPU
	EndGlobalSection
	GlobalSection(ProjectConfigurationPlatforms) = postSolution
		{1A8E7177-2E68-40D9-B387-75FBFEA325FC}.Debug|Any CPU.ActiveCfg = Debug|Any CPU
		{1A8E7177-2E68-40D9-B387-75FBFEA325FC}.Debug|Any CPU.Build.0 = Debug|Any CPU
		{1A8E7177-2E68-40D9-B387-75FBFEA325FC}.Release|Any CPU.ActiveCfg = Release|Any CPU
		{1A8E7177-2E68-40D9-B387-75FBFEA325FC}.Release|Any CPU.Build.0 = Release|Any CPU
		{294FFFF3-0148-4DD2-8F32-367A2187A55A}.Debug|Any CPU.ActiveCfg = Debug|Any CPU
		{294FFFF3-0148-4DD2-8F32-367A2187A55A}.Debug|Any CPU.Build.0 = Debug|Any CPU
		{294FFFF3-0148-4DD2-8F32-367A2187A55A}.Release|Any CPU.ActiveCfg = Release|Any CPU
		{294FFFF3-0148-4DD2-8F32-367A2187A55A}.Release|Any CPU.Build.0 = Release|Any CPU
	EndGlobalSection
	GlobalSection(SolutionProperties) = preSolution
		HideSolutionNode = FALSE
	EndGlobalSection
	GlobalSection(ExtensibilityGlobals) = postSolution
		SolutionGuid = {82082269-49AE-44D4-88F7-6AF8934D8F8A}
	EndGlobalSection
EndGlobal
